
Microsoft Visual Studio Solution File, Format Version 12.00
Project("{2150E333-8FDC-42A3-9474-1A3956D46DE8}") = "src", "src", "{3A8B6812-B42A-4F1B-962F-E4C2696A6F46}"
EndProject
Project("{2150E333-8FDC-42A3-9474-1A3956D46DE8}") = "tests", "tests", "{ABD7D257-AE9C-4DCB-9224-80938748474C}"
EndProject
Project("{FAE04EC0-301F-11D3-BF4B-00C04F79EFBC}") = "Lab1", "src\Lab1\Lab1.csproj", "{25EFCB64-8B06-4F6A-BBFD-9F713438637F}"
EndProject
Project("{FAE04EC0-301F-11D3-BF4B-00C04F79EFBC}") = "Lab2", "src\Lab2\Lab2.csproj", "{7392F3A8-8E4F-4353-9023-51F0DCF56416}"
EndProject
Project("{FAE04EC0-301F-11D3-BF4B-00C04F79EFBC}") = "Lab3", "src\Lab3\Lab3.csproj", "{9CC87A20-A988-4109-B1B4-AF1E8C634110}"
EndProject
Project("{FAE04EC0-301F-11D3-BF4B-00C04F79EFBC}") = "Lab4", "src\Lab4\Lab4.csproj", "{00526AC5-5908-441E-ADA5-2E8BBC91919F}"
EndProject
Project("{FAE04EC0-301F-11D3-BF4B-00C04F79EFBC}") = "Lab1.Tests", "tests\Lab1.Tests\Lab1.Tests.csproj", "{FAE8F20B-EB2D-4E9F-A9C9-69761E5B4604}"
EndProject
Project("{FAE04EC0-301F-11D3-BF4B-00C04F79EFBC}") = "Lab2.Tests", "tests\Lab2.Tests\Lab2.Tests.csproj", "{7D2B8E68-304A-4946-987E-4F29F0FCC3A4}"
EndProject
Project("{FAE04EC0-301F-11D3-BF4B-00C04F79EFBC}") = "Lab3.Tests", "tests\Lab3.Tests\Lab3.Tests.csproj", "{3A3ABC1F-44EE-41D7-B0F1-F0D962E5746B}"
EndProject
Project("{FAE04EC0-301F-11D3-BF4B-00C04F79EFBC}") = "Lab4.Tests", "tests\Lab4.Tests\Lab4.Tests.csproj", "{2BC795FD-9FAC-419E-A8A5-4C432451CBD1}"
EndProject
Project("{FAE04EC0-301F-11D3-BF4B-00C04F79EFBC}") = "Lab5.Tests", "tests\Lab5.Tests\Lab5.Tests.csproj", "{6B113055-EABD-4475-9A6B-C54320ED1F26}"
EndProject
Project("{2150E333-8FDC-42A3-9474-1A3956D46DE8}") = "common", "common", "{3DB12F6C-143E-4086-BCB2-2EC3461BC353}"
	ProjectSection(SolutionItems) = preProject
		Directory.Packages.props = Directory.Packages.props
		Directory.Build.props = Directory.Build.props
		.gitignore = .gitignore
		.editorconfig = .editorconfig
	EndProjectSection
EndProject
Project("{2150E333-8FDC-42A3-9474-1A3956D46DE8}") = "ATM-System", "ATM-System", "{9752B20B-893E-4275-B7F1-49B566D480E0}"
EndProject
Project("{2150E333-8FDC-42A3-9474-1A3956D46DE8}") = "Application", "Application", "{795EFBD5-E8D0-4138-BBC9-50018D227436}"
EndProject
Project("{2150E333-8FDC-42A3-9474-1A3956D46DE8}") = "Infrastructure", "Infrastructure", "{91FF43E8-8375-4D72-85D7-A50C607B814A}"
EndProject
Project("{2150E333-8FDC-42A3-9474-1A3956D46DE8}") = "Presentation", "Presentation", "{B1964564-C7AD-414D-8E91-B6B4694A0FF7}"
EndProject
Project("{FAE04EC0-301F-11D3-BF4B-00C04F79EFBC}") = "ATM-System.Application", "src\Lab5\ATM-System.Application\ATM-System.Application.csproj", "{A25D12E5-1A20-4D04-AF91-3FAA2693412A}"
EndProject
Project("{FAE04EC0-301F-11D3-BF4B-00C04F79EFBC}") = "ATM-System.Application.Abstractions", "src\Lab5\ATM-System.Application.Abstractions\ATM-System.Application.Abstractions.csproj", "{0C753DF5-804A-404A-827D-C71EAC2B8F9F}"
EndProject
Project("{FAE04EC0-301F-11D3-BF4B-00C04F79EFBC}") = "ATM-System.Application.Contracts", "src\Lab5\ATM-System.Application.Contracts\ATM-System.Application.Contracts.csproj", "{5A9D903F-5F30-4A45-AAC3-583F97FB571E}"
EndProject
Project("{FAE04EC0-301F-11D3-BF4B-00C04F79EFBC}") = "ATM-System.Application.Models", "src\Lab5\ATM-System.Application.Models\ATM-System.Application.Models.csproj", "{D0A24961-016E-4026-BA0A-D17B348EBC86}"
EndProject
Project("{FAE04EC0-301F-11D3-BF4B-00C04F79EFBC}") = "ATM-System.Infrastructure.DataAccess", "src\Lab5\ATM-System.Infrastructure.DataAccess\ATM-System.Infrastructure.DataAccess.csproj", "{CAAC7715-CCE3-4B5E-8C06-C4FECF9342CA}"
EndProject
Project("{FAE04EC0-301F-11D3-BF4B-00C04F79EFBC}") = "ATM-System.Presentation.Console", "src\Lab5\ATM-System.Presentation.Console\ATM-System.Presentation.Console.csproj", "{A32E220E-9010-4855-95F8-9D70F3645A62}"
EndProject
Project("{FAE04EC0-301F-11D3-BF4B-00C04F79EFBC}") = "ATM-System.Presentation.WebAPI", "src\Lab5\ATM-System.Presentation.WebAPI\ATM-System.Presentation.WebAPI.csproj", "{B55A6D91-B241-4161-A7EB-C9F5703F9039}"
EndProject
Global
	GlobalSection(SolutionConfigurationPlatforms) = preSolution
		Debug|Any CPU = Debug|Any CPU
		Release|Any CPU = Release|Any CPU
	EndGlobalSection
	GlobalSection(NestedProjects) = preSolution
		{25EFCB64-8B06-4F6A-BBFD-9F713438637F} = {3A8B6812-B42A-4F1B-962F-E4C2696A6F46}
		{7392F3A8-8E4F-4353-9023-51F0DCF56416} = {3A8B6812-B42A-4F1B-962F-E4C2696A6F46}
		{9CC87A20-A988-4109-B1B4-AF1E8C634110} = {3A8B6812-B42A-4F1B-962F-E4C2696A6F46}
		{00526AC5-5908-441E-ADA5-2E8BBC91919F} = {3A8B6812-B42A-4F1B-962F-E4C2696A6F46}
		{FAE8F20B-EB2D-4E9F-A9C9-69761E5B4604} = {ABD7D257-AE9C-4DCB-9224-80938748474C}
		{7D2B8E68-304A-4946-987E-4F29F0FCC3A4} = {ABD7D257-AE9C-4DCB-9224-80938748474C}
		{3A3ABC1F-44EE-41D7-B0F1-F0D962E5746B} = {ABD7D257-AE9C-4DCB-9224-80938748474C}
		{2BC795FD-9FAC-419E-A8A5-4C432451CBD1} = {ABD7D257-AE9C-4DCB-9224-80938748474C}
		{6B113055-EABD-4475-9A6B-C54320ED1F26} = {ABD7D257-AE9C-4DCB-9224-80938748474C}
		{9752B20B-893E-4275-B7F1-49B566D480E0} = {3A8B6812-B42A-4F1B-962F-E4C2696A6F46}
		{795EFBD5-E8D0-4138-BBC9-50018D227436} = {9752B20B-893E-4275-B7F1-49B566D480E0}
		{91FF43E8-8375-4D72-85D7-A50C607B814A} = {9752B20B-893E-4275-B7F1-49B566D480E0}
		{B1964564-C7AD-414D-8E91-B6B4694A0FF7} = {9752B20B-893E-4275-B7F1-49B566D480E0}
		{A25D12E5-1A20-4D04-AF91-3FAA2693412A} = {795EFBD5-E8D0-4138-BBC9-50018D227436}
		{0C753DF5-804A-404A-827D-C71EAC2B8F9F} = {795EFBD5-E8D0-4138-BBC9-50018D227436}
		{5A9D903F-5F30-4A45-AAC3-583F97FB571E} = {795EFBD5-E8D0-4138-BBC9-50018D227436}
		{D0A24961-016E-4026-BA0A-D17B348EBC86} = {795EFBD5-E8D0-4138-BBC9-50018D227436}
		{CAAC7715-CCE3-4B5E-8C06-C4FECF9342CA} = {91FF43E8-8375-4D72-85D7-A50C607B814A}
		{A32E220E-9010-4855-95F8-9D70F3645A62} = {B1964564-C7AD-414D-8E91-B6B4694A0FF7}
		{B55A6D91-B241-4161-A7EB-C9F5703F9039} = {B1964564-C7AD-414D-8E91-B6B4694A0FF7}
	EndGlobalSection
	GlobalSection(ProjectConfigurationPlatforms) = postSolution
		{25EFCB64-8B06-4F6A-BBFD-9F713438637F}.Debug|Any CPU.ActiveCfg = Debug|Any CPU
		{25EFCB64-8B06-4F6A-BBFD-9F713438637F}.Debug|Any CPU.Build.0 = Debug|Any CPU
		{25EFCB64-8B06-4F6A-BBFD-9F713438637F}.Release|Any CPU.ActiveCfg = Release|Any CPU
		{25EFCB64-8B06-4F6A-BBFD-9F713438637F}.Release|Any CPU.Build.0 = Release|Any CPU
		{7392F3A8-8E4F-4353-9023-51F0DCF56416}.Debug|Any CPU.ActiveCfg = Debug|Any CPU
		{7392F3A8-8E4F-4353-9023-51F0DCF56416}.Debug|Any CPU.Build.0 = Debug|Any CPU
		{7392F3A8-8E4F-4353-9023-51F0DCF56416}.Release|Any CPU.ActiveCfg = Release|Any CPU
		{7392F3A8-8E4F-4353-9023-51F0DCF56416}.Release|Any CPU.Build.0 = Release|Any CPU
		{9CC87A20-A988-4109-B1B4-AF1E8C634110}.Debug|Any CPU.ActiveCfg = Debug|Any CPU
		{9CC87A20-A988-4109-B1B4-AF1E8C634110}.Debug|Any CPU.Build.0 = Debug|Any CPU
		{9CC87A20-A988-4109-B1B4-AF1E8C634110}.Release|Any CPU.ActiveCfg = Release|Any CPU
		{9CC87A20-A988-4109-B1B4-AF1E8C634110}.Release|Any CPU.Build.0 = Release|Any CPU
		{00526AC5-5908-441E-ADA5-2E8BBC91919F}.Debug|Any CPU.ActiveCfg = Debug|Any CPU
		{00526AC5-5908-441E-ADA5-2E8BBC91919F}.Debug|Any CPU.Build.0 = Debug|Any CPU
		{00526AC5-5908-441E-ADA5-2E8BBC91919F}.Release|Any CPU.ActiveCfg = Release|Any CPU
		{00526AC5-5908-441E-ADA5-2E8BBC91919F}.Release|Any CPU.Build.0 = Release|Any CPU
		{FAE8F20B-EB2D-4E9F-A9C9-69761E5B4604}.Debug|Any CPU.ActiveCfg = Debug|Any CPU
		{FAE8F20B-EB2D-4E9F-A9C9-69761E5B4604}.Debug|Any CPU.Build.0 = Debug|Any CPU
		{FAE8F20B-EB2D-4E9F-A9C9-69761E5B4604}.Release|Any CPU.ActiveCfg = Release|Any CPU
		{FAE8F20B-EB2D-4E9F-A9C9-69761E5B4604}.Release|Any CPU.Build.0 = Release|Any CPU
		{7D2B8E68-304A-4946-987E-4F29F0FCC3A4}.Debug|Any CPU.ActiveCfg = Debug|Any CPU
		{7D2B8E68-304A-4946-987E-4F29F0FCC3A4}.Debug|Any CPU.Build.0 = Debug|Any CPU
		{7D2B8E68-304A-4946-987E-4F29F0FCC3A4}.Release|Any CPU.ActiveCfg = Release|Any CPU
		{7D2B8E68-304A-4946-987E-4F29F0FCC3A4}.Release|Any CPU.Build.0 = Release|Any CPU
		{3A3ABC1F-44EE-41D7-B0F1-F0D962E5746B}.Debug|Any CPU.ActiveCfg = Debug|Any CPU
		{3A3ABC1F-44EE-41D7-B0F1-F0D962E5746B}.Debug|Any CPU.Build.0 = Debug|Any CPU
		{3A3ABC1F-44EE-41D7-B0F1-F0D962E5746B}.Release|Any CPU.ActiveCfg = Release|Any CPU
		{3A3ABC1F-44EE-41D7-B0F1-F0D962E5746B}.Release|Any CPU.Build.0 = Release|Any CPU
		{2BC795FD-9FAC-419E-A8A5-4C432451CBD1}.Debug|Any CPU.ActiveCfg = Debug|Any CPU
		{2BC795FD-9FAC-419E-A8A5-4C432451CBD1}.Debug|Any CPU.Build.0 = Debug|Any CPU
		{2BC795FD-9FAC-419E-A8A5-4C432451CBD1}.Release|Any CPU.ActiveCfg = Release|Any CPU
		{2BC795FD-9FAC-419E-A8A5-4C432451CBD1}.Release|Any CPU.Build.0 = Release|Any CPU
		{6B113055-EABD-4475-9A6B-C54320ED1F26}.Debug|Any CPU.ActiveCfg = Debug|Any CPU
		{6B113055-EABD-4475-9A6B-C54320ED1F26}.Debug|Any CPU.Build.0 = Debug|Any CPU
		{6B113055-EABD-4475-9A6B-C54320ED1F26}.Release|Any CPU.ActiveCfg = Release|Any CPU
		{6B113055-EABD-4475-9A6B-C54320ED1F26}.Release|Any CPU.Build.0 = Release|Any CPU
		{A25D12E5-1A20-4D04-AF91-3FAA2693412A}.Debug|Any CPU.ActiveCfg = Debug|Any CPU
		{A25D12E5-1A20-4D04-AF91-3FAA2693412A}.Debug|Any CPU.Build.0 = Debug|Any CPU
		{A25D12E5-1A20-4D04-AF91-3FAA2693412A}.Release|Any CPU.ActiveCfg = Release|Any CPU
		{A25D12E5-1A20-4D04-AF91-3FAA2693412A}.Release|Any CPU.Build.0 = Release|Any CPU
		{0C753DF5-804A-404A-827D-C71EAC2B8F9F}.Debug|Any CPU.ActiveCfg = Debug|Any CPU
		{0C753DF5-804A-404A-827D-C71EAC2B8F9F}.Debug|Any CPU.Build.0 = Debug|Any CPU
		{0C753DF5-804A-404A-827D-C71EAC2B8F9F}.Release|Any CPU.ActiveCfg = Release|Any CPU
		{0C753DF5-804A-404A-827D-C71EAC2B8F9F}.Release|Any CPU.Build.0 = Release|Any CPU
		{5A9D903F-5F30-4A45-AAC3-583F97FB571E}.Debug|Any CPU.ActiveCfg = Debug|Any CPU
		{5A9D903F-5F30-4A45-AAC3-583F97FB571E}.Debug|Any CPU.Build.0 = Debug|Any CPU
		{5A9D903F-5F30-4A45-AAC3-583F97FB571E}.Release|Any CPU.ActiveCfg = Release|Any CPU
		{5A9D903F-5F30-4A45-AAC3-583F97FB571E}.Release|Any CPU.Build.0 = Release|Any CPU
		{D0A24961-016E-4026-BA0A-D17B348EBC86}.Debug|Any CPU.ActiveCfg = Debug|Any CPU
		{D0A24961-016E-4026-BA0A-D17B348EBC86}.Debug|Any CPU.Build.0 = Debug|Any CPU
		{D0A24961-016E-4026-BA0A-D17B348EBC86}.Release|Any CPU.ActiveCfg = Release|Any CPU
		{D0A24961-016E-4026-BA0A-D17B348EBC86}.Release|Any CPU.Build.0 = Release|Any CPU
		{CAAC7715-CCE3-4B5E-8C06-C4FECF9342CA}.Debug|Any CPU.ActiveCfg = Debug|Any CPU
		{CAAC7715-CCE3-4B5E-8C06-C4FECF9342CA}.Debug|Any CPU.Build.0 = Debug|Any CPU
		{CAAC7715-CCE3-4B5E-8C06-C4FECF9342CA}.Release|Any CPU.ActiveCfg = Release|Any CPU
		{CAAC7715-CCE3-4B5E-8C06-C4FECF9342CA}.Release|Any CPU.Build.0 = Release|Any CPU
		{A32E220E-9010-4855-95F8-9D70F3645A62}.Debug|Any CPU.ActiveCfg = Debug|Any CPU
		{A32E220E-9010-4855-95F8-9D70F3645A62}.Debug|Any CPU.Build.0 = Debug|Any CPU
		{A32E220E-9010-4855-95F8-9D70F3645A62}.Release|Any CPU.ActiveCfg = Release|Any CPU
		{A32E220E-9010-4855-95F8-9D70F3645A62}.Release|Any CPU.Build.0 = Release|Any CPU
		{B55A6D91-B241-4161-A7EB-C9F5703F9039}.Debug|Any CPU.ActiveCfg = Debug|Any CPU
		{B55A6D91-B241-4161-A7EB-C9F5703F9039}.Debug|Any CPU.Build.0 = Debug|Any CPU
		{B55A6D91-B241-4161-A7EB-C9F5703F9039}.Release|Any CPU.ActiveCfg = Release|Any CPU
		{B55A6D91-B241-4161-A7EB-C9F5703F9039}.Release|Any CPU.Build.0 = Release|Any CPU
	EndGlobalSection
EndGlobal
